
Microsoft Visual Studio Solution File, Format Version 12.00
# Visual Studio 15
VisualStudioVersion = 15.0.28307.1000
MinimumVisualStudioVersion = 10.0.40219.1
Project("{159641D6-6404-4A2A-AE62-294DE0FE8301}") = "SSISCustomer", "SSISCustomer\SSISCustomer.dtproj", "{08331B31-12CB-4AD8-9A59-10C7456F4AD9}"
EndProject
Global
	GlobalSection(SolutionConfigurationPlatforms) = preSolution
		Development|Default = Development|Default
	EndGlobalSection
	GlobalSection(ProjectConfigurationPlatforms) = postSolution
		{08331B31-12CB-4AD8-9A59-10C7456F4AD9}.Development|Default.ActiveCfg = Development
		{08331B31-12CB-4AD8-9A59-10C7456F4AD9}.Development|Default.Build.0 = Development
	EndGlobalSection
	GlobalSection(SolutionProperties) = preSolution
		HideSolutionNode = FALSE
	EndGlobalSection
	GlobalSection(ExtensibilityGlobals) = postSolution
		SolutionGuid = {EE53C543-B6F5-4016-957D-EC3F1CAC5462}
	EndGlobalSection
EndGlobal
